# @generated by Move, please check-in and do not edit manually.

[move]
version = 2
manifest_digest = "8BB4EE33429FA912AEE47EC4B82C5B161A81F2216D84E385985011A8AC8C0FFE"
deps_digest = "F8BBB0CCB2491CA29A3DF03D6F92277A4F3574266507ACD77214D37ECA3F3082"
dependencies = [
  { name = "Sui" },
]

[[move.package]]
name = "MoveStdlib"
source = { git = "https://github.com/MystenLabs/sui.git", rev = "framework/testnet", subdir = "crates/sui-framework/packages/move-stdlib" }

[[move.package]]
name = "Sui"
source = { git = "https://github.com/MystenLabs/sui.git", rev = "framework/testnet", subdir = "crates/sui-framework/packages/sui-framework" }

dependencies = [
  { name = "MoveStdlib" },
]

[move.toolchain-version]
compiler-version = "1.30.3"
edition = "2024.beta"
flavor = "sui"

[env]

[env.testnet]
chain-id = "4c78adac"
original-published-id = "0x31ba344aa05b23bb21bf90e64fd9e4a039a6526a5bd834bd6870653547973199"
latest-published-id = "0x31ba344aa05b23bb21bf90e64fd9e4a039a6526a5bd834bd6870653547973199"
published-version = "1"
